
Microsoft Visual Studio Solution File, Format Version 12.00
# Visual Studio Version 17
VisualStudioVersion = 17.1.32414.318
MinimumVisualStudioVersion = 10.0.40219.1
Project("{2150E333-8FDC-42A3-9474-1A3956D46DE8}") = "Application", "Application", "{231AF7F7-A1FC-45CF-9DFB-39F083C968C9}"
EndProject
Project("{2150E333-8FDC-42A3-9474-1A3956D46DE8}") = "Domain", "Domain", "{1CB9C1D9-3194-4BD7-9BCE-75C7B943109C}"
EndProject
Project("{2150E333-8FDC-42A3-9474-1A3956D46DE8}") = "IoC", "IoC", "{2ED01CD0-2CBE-41E1-9C39-EE01BAA5BC6C}"
EndProject
Project("{2150E333-8FDC-42A3-9474-1A3956D46DE8}") = "Data", "Data", "{B88D9CD2-CFBC-4F93-B789-DD78373D21DC}"
EndProject
Project("{2150E333-8FDC-42A3-9474-1A3956D46DE8}") = "Presentation", "Presentation", "{CE92E28B-BF2F-4BB2-936E-0558B29A8741}"
EndProject
Project("{9A19103F-16F7-4668-BE54-9A1E7A4F7556}") = "CleanArch.Mvc", "CleanArch.Mvc\CleanArch.Mvc.csproj", "{26B0BA80-6773-47DF-B4BA-65569B34A16D}"
EndProject
Project("{2150E333-8FDC-42A3-9474-1A3956D46DE8}") = "Infrastructure", "Infrastructure", "{E8B1A4D4-75C6-49AC-8774-2D6F3FF866EA}"
EndProject
Project("{2150E333-8FDC-42A3-9474-1A3956D46DE8}") = "Tests", "Tests", "{3C794B5A-EB22-497B-B520-84CF1F374341}"
EndProject
Project("{9A19103F-16F7-4668-BE54-9A1E7A4F7556}") = "CleanArch.Domain", "CleanArch.Domain\CleanArch.Domain.csproj", "{84973B1D-F471-4976-B5B4-6A7890948621}"
EndProject
Project("{9A19103F-16F7-4668-BE54-9A1E7A4F7556}") = "CleanArch.Infrastructure.Data", "CleanArch.Infrastructure.Data\CleanArch.Infrastructure.Data.csproj", "{85BF3666-AF88-4D37-BEAB-6D14D9C648C8}"
EndProject
Project("{9A19103F-16F7-4668-BE54-9A1E7A4F7556}") = "CleanArch.Infrastructure.IoC", "CleanArch.Infrastructure.IoC\CleanArch.Infrastructure.IoC.csproj", "{6C772759-8190-43ED-8DEF-ACFE406CB313}"
EndProject
Project("{9A19103F-16F7-4668-BE54-9A1E7A4F7556}") = "CleanArch.Application", "CleanArch.Application\CleanArch.Application.csproj", "{6BD026E5-D804-4CC8-BDA2-6417D33BB96B}"
EndProject
Project("{2150E333-8FDC-42A3-9474-1A3956D46DE8}") = "Documentation", "Documentation", "{3E03A32D-0D6E-4A55-843B-7C4163439FEE}"
	ProjectSection(SolutionItems) = preProject
		readme.md = readme.md
	EndProjectSection
EndProject
Project("{2150E333-8FDC-42A3-9474-1A3956D46DE8}") = "Api", "Api", "{E932E829-DF76-4E1F-8780-DB16DAB5049F}"
EndProject
Project("{9A19103F-16F7-4668-BE54-9A1E7A4F7556}") = "CleanArch.Api", "CleanArch.Api\CleanArch.Api.csproj", "{A4537FAA-EE29-419B-9117-EE3600D10B06}"
EndProject
Project("{2150E333-8FDC-42A3-9474-1A3956D46DE8}") = "Identity", "Identity", "{553530F2-7295-42E4-8FDA-DE588E8775E2}"
EndProject
Project("{9A19103F-16F7-4668-BE54-9A1E7A4F7556}") = "CleanArch.Infrastructure.Identity", "CleanArch.Infrastructure.Identity\CleanArch.Infrastructure.Identity.csproj", "{9E812D4E-B6F4-482C-B828-ECAF6E9211D2}"
EndProject
Project("{2150E333-8FDC-42A3-9474-1A3956D46DE8}") = "Idp", "Idp", "{591311EC-C082-4356-A430-B9A3788C4C1B}"
EndProject
Project("{9A19103F-16F7-4668-BE54-9A1E7A4F7556}") = "CleanArch.Infrastructure.Idp", "CleanArch.Infrastructure.Idp\CleanArch.Infrastructure.Idp.csproj", "{330969C7-12DE-41F7-839B-29B8E2984D74}"
EndProject
Project("{2150E333-8FDC-42A3-9474-1A3956D46DE8}") = "Shared", "Shared", "{D347A07B-7C57-4EFB-83D1-8D57190D8CA4}"
EndProject
Project("{9A19103F-16F7-4668-BE54-9A1E7A4F7556}") = "CleanArch.Shared", "CleanArch.Shared\CleanArch.Shared.csproj", "{3B27D028-88D8-4282-8FAC-8367E06685E9}"
EndProject
Global
	GlobalSection(SolutionConfigurationPlatforms) = preSolution
		Debug|Any CPU = Debug|Any CPU
		Release|Any CPU = Release|Any CPU
	EndGlobalSection
	GlobalSection(ProjectConfigurationPlatforms) = postSolution
		{26B0BA80-6773-47DF-B4BA-65569B34A16D}.Debug|Any CPU.ActiveCfg = Debug|Any CPU
		{26B0BA80-6773-47DF-B4BA-65569B34A16D}.Debug|Any CPU.Build.0 = Debug|Any CPU
		{26B0BA80-6773-47DF-B4BA-65569B34A16D}.Release|Any CPU.ActiveCfg = Release|Any CPU
		{26B0BA80-6773-47DF-B4BA-65569B34A16D}.Release|Any CPU.Build.0 = Release|Any CPU
		{84973B1D-F471-4976-B5B4-6A7890948621}.Debug|Any CPU.ActiveCfg = Debug|Any CPU
		{84973B1D-F471-4976-B5B4-6A7890948621}.Debug|Any CPU.Build.0 = Debug|Any CPU
		{84973B1D-F471-4976-B5B4-6A7890948621}.Release|Any CPU.ActiveCfg = Release|Any CPU
		{84973B1D-F471-4976-B5B4-6A7890948621}.Release|Any CPU.Build.0 = Release|Any CPU
		{85BF3666-AF88-4D37-BEAB-6D14D9C648C8}.Debug|Any CPU.ActiveCfg = Debug|Any CPU
		{85BF3666-AF88-4D37-BEAB-6D14D9C648C8}.Debug|Any CPU.Build.0 = Debug|Any CPU
		{85BF3666-AF88-4D37-BEAB-6D14D9C648C8}.Release|Any CPU.ActiveCfg = Release|Any CPU
		{85BF3666-AF88-4D37-BEAB-6D14D9C648C8}.Release|Any CPU.Build.0 = Release|Any CPU
		{6C772759-8190-43ED-8DEF-ACFE406CB313}.Debug|Any CPU.ActiveCfg = Debug|Any CPU
		{6C772759-8190-43ED-8DEF-ACFE406CB313}.Debug|Any CPU.Build.0 = Debug|Any CPU
		{6C772759-8190-43ED-8DEF-ACFE406CB313}.Release|Any CPU.ActiveCfg = Release|Any CPU
		{6C772759-8190-43ED-8DEF-ACFE406CB313}.Release|Any CPU.Build.0 = Release|Any CPU
		{6BD026E5-D804-4CC8-BDA2-6417D33BB96B}.Debug|Any CPU.ActiveCfg = Debug|Any CPU
		{6BD026E5-D804-4CC8-BDA2-6417D33BB96B}.Debug|Any CPU.Build.0 = Debug|Any CPU
		{6BD026E5-D804-4CC8-BDA2-6417D33BB96B}.Release|Any CPU.ActiveCfg = Release|Any CPU
		{6BD026E5-D804-4CC8-BDA2-6417D33BB96B}.Release|Any CPU.Build.0 = Release|Any CPU
		{A4537FAA-EE29-419B-9117-EE3600D10B06}.Debug|Any CPU.ActiveCfg = Debug|Any CPU
		{A4537FAA-EE29-419B-9117-EE3600D10B06}.Debug|Any CPU.Build.0 = Debug|Any CPU
		{A4537FAA-EE29-419B-9117-EE3600D10B06}.Release|Any CPU.ActiveCfg = Release|Any CPU
		{A4537FAA-EE29-419B-9117-EE3600D10B06}.Release|Any CPU.Build.0 = Release|Any CPU
		{9E812D4E-B6F4-482C-B828-ECAF6E9211D2}.Debug|Any CPU.ActiveCfg = Debug|Any CPU
		{9E812D4E-B6F4-482C-B828-ECAF6E9211D2}.Debug|Any CPU.Build.0 = Debug|Any CPU
		{9E812D4E-B6F4-482C-B828-ECAF6E9211D2}.Release|Any CPU.ActiveCfg = Release|Any CPU
		{9E812D4E-B6F4-482C-B828-ECAF6E9211D2}.Release|Any CPU.Build.0 = Release|Any CPU
		{330969C7-12DE-41F7-839B-29B8E2984D74}.Debug|Any CPU.ActiveCfg = Debug|Any CPU
		{330969C7-12DE-41F7-839B-29B8E2984D74}.Debug|Any CPU.Build.0 = Debug|Any CPU
		{330969C7-12DE-41F7-839B-29B8E2984D74}.Release|Any CPU.ActiveCfg = Release|Any CPU
		{330969C7-12DE-41F7-839B-29B8E2984D74}.Release|Any CPU.Build.0 = Release|Any CPU
		{3B27D028-88D8-4282-8FAC-8367E06685E9}.Debug|Any CPU.ActiveCfg = Debug|Any CPU
		{3B27D028-88D8-4282-8FAC-8367E06685E9}.Debug|Any CPU.Build.0 = Debug|Any CPU
		{3B27D028-88D8-4282-8FAC-8367E06685E9}.Release|Any CPU.ActiveCfg = Release|Any CPU
		{3B27D028-88D8-4282-8FAC-8367E06685E9}.Release|Any CPU.Build.0 = Release|Any CPU
	EndGlobalSection
	GlobalSection(SolutionProperties) = preSolution
		HideSolutionNode = FALSE
	EndGlobalSection
	GlobalSection(NestedProjects) = preSolution
		{2ED01CD0-2CBE-41E1-9C39-EE01BAA5BC6C} = {E8B1A4D4-75C6-49AC-8774-2D6F3FF866EA}
		{B88D9CD2-CFBC-4F93-B789-DD78373D21DC} = {E8B1A4D4-75C6-49AC-8774-2D6F3FF866EA}
		{26B0BA80-6773-47DF-B4BA-65569B34A16D} = {CE92E28B-BF2F-4BB2-936E-0558B29A8741}
		{84973B1D-F471-4976-B5B4-6A7890948621} = {1CB9C1D9-3194-4BD7-9BCE-75C7B943109C}
		{85BF3666-AF88-4D37-BEAB-6D14D9C648C8} = {B88D9CD2-CFBC-4F93-B789-DD78373D21DC}
		{6C772759-8190-43ED-8DEF-ACFE406CB313} = {2ED01CD0-2CBE-41E1-9C39-EE01BAA5BC6C}
		{6BD026E5-D804-4CC8-BDA2-6417D33BB96B} = {231AF7F7-A1FC-45CF-9DFB-39F083C968C9}
		{A4537FAA-EE29-419B-9117-EE3600D10B06} = {E932E829-DF76-4E1F-8780-DB16DAB5049F}
		{553530F2-7295-42E4-8FDA-DE588E8775E2} = {E8B1A4D4-75C6-49AC-8774-2D6F3FF866EA}
		{9E812D4E-B6F4-482C-B828-ECAF6E9211D2} = {553530F2-7295-42E4-8FDA-DE588E8775E2}
		{591311EC-C082-4356-A430-B9A3788C4C1B} = {E8B1A4D4-75C6-49AC-8774-2D6F3FF866EA}
		{330969C7-12DE-41F7-839B-29B8E2984D74} = {591311EC-C082-4356-A430-B9A3788C4C1B}
		{3B27D028-88D8-4282-8FAC-8367E06685E9} = {D347A07B-7C57-4EFB-83D1-8D57190D8CA4}
	EndGlobalSection
	GlobalSection(ExtensibilityGlobals) = postSolution
		SolutionGuid = {C4B4212E-BB3A-4785-8D2B-D4BC2C567188}
	EndGlobalSection
EndGlobal
